{
  "nodes": {
    "nixpkgs": {
      "locked": {
        "lastModified": 1786460563,
        "narHash": "sha256-+ki40nrJp6Qi07/ZIqeF/Sdc3xPp2r3JT6u4tcfJnn8=",
        "owner": "nixos",
        "repo": "nixpkgs",
        "rev": "bf735a9ecec2c952566fca17483d1067eff36fea",
        "type": "github"
      },
      "original": {
        "owner": "nixos",
        "repo": "nixpkgs",
        "type": "github"
      }
    },
    "restclient-cpp": {
      "flake": false,
      "locked": {
        "lastModified": 1735902176,
        "narHash": "sha256-9//KssNRD7OJFNFdXgzsu7rKP/Nlb4wtmBjfhOt2Vgw=",
        "owner": "mrtazz",
        "repo": "restclient-cpp",
        "rev": "3356f816b161279cfbe318c45cb07c07fb8de6df",
        "type": "github"
      },
      "original": {
        "owner": "mrtazz",
        "repo": "restclient-cpp",
        "type": "github"
      }
    },
    "root": {
      "inputs": {
        "nixpkgs": "nixpkgs",
        "restclient-cpp": "restclient-cpp"
      }
    }
  },
  "root": "root",
  "version": 7
}
