{
  "nodes": {
    "nixpkgs": {
      "locked": {
        "lastModified": 1774959879,
        "narHash": "sha256-9Q3+OSg4cOe76ucecyAtDbKCXDGit3/c2pA4EAfEmBo=",
        "owner": "nixos",
        "repo": "nixpkgs",
        "rev": "cd3f2ed6d3ab6770a475b84db4f2383733f51fde",
        "type": "github"
      },
      "original": {
        "owner": "nixos",
        "ref": "staging",
        "repo": "nixpkgs",
        "type": "github"
      }
    },
    "restclient-cpp": {
      "flake": false,
      "locked": {
        "lastModified": 1735902176,
        "narHash": "sha256-9//KssNRD7OJFNFdXgzsu7rKP/Nlb4wtmBjfhOt2Vgw=",
        "owner": "mrtazz",
        "repo": "restclient-cpp",
        "rev": "3356f816b161279cfbe318c45cb07c07fb8de6df",
        "type": "github"
      },
      "original": {
        "owner": "mrtazz",
        "repo": "restclient-cpp",
        "type": "github"
      }
    },
    "root": {
      "inputs": {
        "nixpkgs": "nixpkgs",
        "restclient-cpp": "restclient-cpp"
      }
    }
  },
  "root": "root",
  "version": 7
}
