{
  "nodes": {
    "nixpkgs": {
      "locked": {
        "lastModified": 1780831492,
        "narHash": "sha256-mqkuTwk8xms1/CTDowMUnfF4GXrfAT5R6aHQi7tb2/I=",
        "owner": "nixos",
        "repo": "nixpkgs",
        "rev": "cee2d51c2d541b854b1d4e6e49ee04dbf5cfdeae",
        "type": "github"
      },
      "original": {
        "owner": "nixos",
        "repo": "nixpkgs",
        "type": "github"
      }
    },
    "restclient-cpp": {
      "flake": false,
      "locked": {
        "lastModified": 1735902176,
        "narHash": "sha256-9//KssNRD7OJFNFdXgzsu7rKP/Nlb4wtmBjfhOt2Vgw=",
        "owner": "mrtazz",
        "repo": "restclient-cpp",
        "rev": "3356f816b161279cfbe318c45cb07c07fb8de6df",
        "type": "github"
      },
      "original": {
        "owner": "mrtazz",
        "repo": "restclient-cpp",
        "type": "github"
      }
    },
    "root": {
      "inputs": {
        "nixpkgs": "nixpkgs",
        "restclient-cpp": "restclient-cpp"
      }
    }
  },
  "root": "root",
  "version": 7
}
